header:
  version: 14
repos:
  bitbake:
    branch: master
    commit: b54600e37073a83be1d0490bb16039df73f09c83
    url: https://github.com/openembedded/bitbake
  meta-audioreach:
    branch: master
    commit: 23d52a08f274d410733da4fb0982e330d657a8e5
    url: https://github.com/AudioReach/meta-audioreach
  meta-openembedded:
    branch: master
    commit: 0bc67b61ca52e85a5a882d809ba0c98d21cceac8
    url: https://github.com/openembedded/meta-openembedded
  meta-qcom:
    branch: master
    commit: 4c3b341896a5f778607764fc5f89d40ad4817998
    url: https://github.com/qualcomm-linux/meta-qcom
  meta-qcom-distro:
    branch: main
    commit: 53435b59a18fd796fa3591b5c43ea0498dc8b169
    url: https://github.com/qualcomm-linux/meta-qcom-distro
  meta-security:
    branch: master
    commit: 9e6d962250aab6e5319215f15b0201ef233c46cd
    url: https://git.yoctoproject.org/meta-security
  meta-selinux:
    branch: master
    commit: 27758bca5ad8f74f387de5cc7c88e73ef2aed951
    url: https://git.yoctoproject.org/meta-selinux
  meta-updater:
    branch: master
    commit: 671d459917f140db7edf56295aa4dce8a743ea73
    url: https://github.com/uptane/meta-updater
  meta-virtualization:
    branch: master
    commit: a1e1a021b49f5257d8908aa9b8c2ee9c083e674c
    url: https://git.yoctoproject.org/git/meta-virtualization
  oe-core:
    branch: master
    commit: ac5e0160df78eef03470daf1f70a5f4d2dc0bac1
    url: https://github.com/openembedded/openembedded-core
